
Microsoft Visual Studio Solution File, Format Version 12.00
# Visual Studio Version 16
VisualStudioVersion = 16.0.30114.105
MinimumVisualStudioVersion = 10.0.40219.1
Project("{FAE04EC0-301F-11D3-BF4B-00C04F79EFBC}") = "R5T.F0006.Construction", "R5T.F0006.Construction\R5T.F0006.Construction.csproj", "{09781423-9CDC-45C4-8551-13D4E4ADFB1C}"
EndProject
Project("{FAE04EC0-301F-11D3-BF4B-00C04F79EFBC}") = "R5T.F0006", "R5T.F0006\R5T.F0006.csproj", "{16AE5849-C714-40AB-8E3E-778C2554A06E}"
EndProject
Global
	GlobalSection(SolutionConfigurationPlatforms) = preSolution
		Debug|Any CPU = Debug|Any CPU
		Debug|x64 = Debug|x64
		Debug|x86 = Debug|x86
		Release|Any CPU = Release|Any CPU
		Release|x64 = Release|x64
		Release|x86 = Release|x86
	EndGlobalSection
	GlobalSection(SolutionProperties) = preSolution
		HideSolutionNode = FALSE
	EndGlobalSection
	GlobalSection(ProjectConfigurationPlatforms) = postSolution
		{09781423-9CDC-45C4-8551-13D4E4ADFB1C}.Debug|Any CPU.ActiveCfg = Debug|Any CPU
		{09781423-9CDC-45C4-8551-13D4E4ADFB1C}.Debug|Any CPU.Build.0 = Debug|Any CPU
		{09781423-9CDC-45C4-8551-13D4E4ADFB1C}.Debug|x64.ActiveCfg = Debug|Any CPU
		{09781423-9CDC-45C4-8551-13D4E4ADFB1C}.Debug|x64.Build.0 = Debug|Any CPU
		{09781423-9CDC-45C4-8551-13D4E4ADFB1C}.Debug|x86.ActiveCfg = Debug|Any CPU
		{09781423-9CDC-45C4-8551-13D4E4ADFB1C}.Debug|x86.Build.0 = Debug|Any CPU
		{09781423-9CDC-45C4-8551-13D4E4ADFB1C}.Release|Any CPU.ActiveCfg = Release|Any CPU
		{09781423-9CDC-45C4-8551-13D4E4ADFB1C}.Release|Any CPU.Build.0 = Release|Any CPU
		{09781423-9CDC-45C4-8551-13D4E4ADFB1C}.Release|x64.ActiveCfg = Release|Any CPU
		{09781423-9CDC-45C4-8551-13D4E4ADFB1C}.Release|x64.Build.0 = Release|Any CPU
		{09781423-9CDC-45C4-8551-13D4E4ADFB1C}.Release|x86.ActiveCfg = Release|Any CPU
		{09781423-9CDC-45C4-8551-13D4E4ADFB1C}.Release|x86.Build.0 = Release|Any CPU
		{16AE5849-C714-40AB-8E3E-778C2554A06E}.Debug|Any CPU.ActiveCfg = Debug|Any CPU
		{16AE5849-C714-40AB-8E3E-778C2554A06E}.Debug|Any CPU.Build.0 = Debug|Any CPU
		{16AE5849-C714-40AB-8E3E-778C2554A06E}.Debug|x64.ActiveCfg = Debug|Any CPU
		{16AE5849-C714-40AB-8E3E-778C2554A06E}.Debug|x64.Build.0 = Debug|Any CPU
		{16AE5849-C714-40AB-8E3E-778C2554A06E}.Debug|x86.ActiveCfg = Debug|Any CPU
		{16AE5849-C714-40AB-8E3E-778C2554A06E}.Debug|x86.Build.0 = Debug|Any CPU
		{16AE5849-C714-40AB-8E3E-778C2554A06E}.Release|Any CPU.ActiveCfg = Release|Any CPU
		{16AE5849-C714-40AB-8E3E-778C2554A06E}.Release|Any CPU.Build.0 = Release|Any CPU
		{16AE5849-C714-40AB-8E3E-778C2554A06E}.Release|x64.ActiveCfg = Release|Any CPU
		{16AE5849-C714-40AB-8E3E-778C2554A06E}.Release|x64.Build.0 = Release|Any CPU
		{16AE5849-C714-40AB-8E3E-778C2554A06E}.Release|x86.ActiveCfg = Release|Any CPU
		{16AE5849-C714-40AB-8E3E-778C2554A06E}.Release|x86.Build.0 = Release|Any CPU
	EndGlobalSection
EndGlobal
