
Microsoft Visual Studio Solution File, Format Version 12.00
# Visual Studio Version 16
VisualStudioVersion = 16.0.30114.105
MinimumVisualStudioVersion = 10.0.40219.1
Project("{9A19103F-16F7-4668-BE54-9A1E7A4F7556}") = "R5T.F0006", "R5T.F0006\R5T.F0006.csproj", "{C6E162B0-4448-4439-A23C-CC996C3EB7DC}"
EndProject
Project("{2150E333-8FDC-42A3-9474-1A3956D46DE8}") = "_Dependencies", "_Dependencies", "{C5FE37A6-E984-45F2-B4DE-4FFAF61A8F94}"
EndProject
Project("{9A19103F-16F7-4668-BE54-9A1E7A4F7556}") = "R5T.T0132", "..\..\R5T.T0132\source\R5T.T0132\R5T.T0132.csproj", "{A80725D7-8329-4A64-8D98-CDA4D1102D7F}"
EndProject
Project("{9A19103F-16F7-4668-BE54-9A1E7A4F7556}") = "R5T.L0011", "..\..\R5T.L0011\source\R5T.L0011\R5T.L0011.csproj", "{8C25E6DE-70AE-4154-86E0-7AE40E8EAEB8}"
EndProject
Project("{9A19103F-16F7-4668-BE54-9A1E7A4F7556}") = "R5T.F0000", "..\..\R5T.F0000\source\R5T.F0000\R5T.F0000.csproj", "{38D6B108-4E30-4533-9DC9-B799B4C31B63}"
EndProject
Project("{9A19103F-16F7-4668-BE54-9A1E7A4F7556}") = "R5T.F0003", "..\..\R5T.F0003\source\R5T.F0003\R5T.F0003.csproj", "{44B17725-E947-4F4D-84B7-2D69FB561575}"
EndProject
Project("{9A19103F-16F7-4668-BE54-9A1E7A4F7556}") = "R5T.F0005", "..\..\R5T.F0005\source\R5T.F0005\R5T.F0005.csproj", "{1FB227B2-8856-4C4F-942D-65D640FB28C3}"
EndProject
Project("{9A19103F-16F7-4668-BE54-9A1E7A4F7556}") = "R5T.Z0000", "..\..\R5T.Z0000\source\R5T.Z0000\R5T.Z0000.csproj", "{ECFF85AE-0FE0-44AA-BA2D-AA1D43F3C013}"
EndProject
Project("{9A19103F-16F7-4668-BE54-9A1E7A4F7556}") = "R5T.T0131", "..\..\R5T.T0131\source\R5T.T0131\R5T.T0131.csproj", "{926AEB26-498E-4F26-8869-146D80E7D3E6}"
EndProject
Project("{9A19103F-16F7-4668-BE54-9A1E7A4F7556}") = "R5T.Y0000", "..\..\R5T.Y0000\source\R5T.Y0000\R5T.Y0000.csproj", "{CA3D19CC-6B76-4F2B-9C6A-9624FF0FDB15}"
EndProject
Project("{9A19103F-16F7-4668-BE54-9A1E7A4F7556}") = "R5T.Magyar", "..\..\R5T.Magyar\source\R5T.Magyar\R5T.Magyar.csproj", "{0C337905-E85A-4943-9C11-233401B236CC}"
EndProject
Project("{9A19103F-16F7-4668-BE54-9A1E7A4F7556}") = "R5T.X0005", "..\..\R5T.X0005\source\R5T.X0005\R5T.X0005.csproj", "{6B0356E9-470D-4429-85B1-62ED56CD8FDC}"
EndProject
Global
	GlobalSection(SolutionConfigurationPlatforms) = preSolution
		Debug|Any CPU = Debug|Any CPU
		Debug|x64 = Debug|x64
		Debug|x86 = Debug|x86
		Release|Any CPU = Release|Any CPU
		Release|x64 = Release|x64
		Release|x86 = Release|x86
	EndGlobalSection
	GlobalSection(ProjectConfigurationPlatforms) = postSolution
		{C6E162B0-4448-4439-A23C-CC996C3EB7DC}.Debug|Any CPU.ActiveCfg = Debug|Any CPU
		{C6E162B0-4448-4439-A23C-CC996C3EB7DC}.Debug|Any CPU.Build.0 = Debug|Any CPU
		{C6E162B0-4448-4439-A23C-CC996C3EB7DC}.Debug|x64.ActiveCfg = Debug|Any CPU
		{C6E162B0-4448-4439-A23C-CC996C3EB7DC}.Debug|x64.Build.0 = Debug|Any CPU
		{C6E162B0-4448-4439-A23C-CC996C3EB7DC}.Debug|x86.ActiveCfg = Debug|Any CPU
		{C6E162B0-4448-4439-A23C-CC996C3EB7DC}.Debug|x86.Build.0 = Debug|Any CPU
		{C6E162B0-4448-4439-A23C-CC996C3EB7DC}.Release|Any CPU.ActiveCfg = Release|Any CPU
		{C6E162B0-4448-4439-A23C-CC996C3EB7DC}.Release|Any CPU.Build.0 = Release|Any CPU
		{C6E162B0-4448-4439-A23C-CC996C3EB7DC}.Release|x64.ActiveCfg = Release|Any CPU
		{C6E162B0-4448-4439-A23C-CC996C3EB7DC}.Release|x64.Build.0 = Release|Any CPU
		{C6E162B0-4448-4439-A23C-CC996C3EB7DC}.Release|x86.ActiveCfg = Release|Any CPU
		{C6E162B0-4448-4439-A23C-CC996C3EB7DC}.Release|x86.Build.0 = Release|Any CPU
		{A80725D7-8329-4A64-8D98-CDA4D1102D7F}.Debug|Any CPU.ActiveCfg = Debug|Any CPU
		{A80725D7-8329-4A64-8D98-CDA4D1102D7F}.Debug|Any CPU.Build.0 = Debug|Any CPU
		{A80725D7-8329-4A64-8D98-CDA4D1102D7F}.Debug|x64.ActiveCfg = Debug|Any CPU
		{A80725D7-8329-4A64-8D98-CDA4D1102D7F}.Debug|x64.Build.0 = Debug|Any CPU
		{A80725D7-8329-4A64-8D98-CDA4D1102D7F}.Debug|x86.ActiveCfg = Debug|Any CPU
		{A80725D7-8329-4A64-8D98-CDA4D1102D7F}.Debug|x86.Build.0 = Debug|Any CPU
		{A80725D7-8329-4A64-8D98-CDA4D1102D7F}.Release|Any CPU.ActiveCfg = Release|Any CPU
		{A80725D7-8329-4A64-8D98-CDA4D1102D7F}.Release|Any CPU.Build.0 = Release|Any CPU
		{A80725D7-8329-4A64-8D98-CDA4D1102D7F}.Release|x64.ActiveCfg = Release|Any CPU
		{A80725D7-8329-4A64-8D98-CDA4D1102D7F}.Release|x64.Build.0 = Release|Any CPU
		{A80725D7-8329-4A64-8D98-CDA4D1102D7F}.Release|x86.ActiveCfg = Release|Any CPU
		{A80725D7-8329-4A64-8D98-CDA4D1102D7F}.Release|x86.Build.0 = Release|Any CPU
		{8C25E6DE-70AE-4154-86E0-7AE40E8EAEB8}.Debug|Any CPU.ActiveCfg = Debug|Any CPU
		{8C25E6DE-70AE-4154-86E0-7AE40E8EAEB8}.Debug|Any CPU.Build.0 = Debug|Any CPU
		{8C25E6DE-70AE-4154-86E0-7AE40E8EAEB8}.Debug|x64.ActiveCfg = Debug|Any CPU
		{8C25E6DE-70AE-4154-86E0-7AE40E8EAEB8}.Debug|x64.Build.0 = Debug|Any CPU
		{8C25E6DE-70AE-4154-86E0-7AE40E8EAEB8}.Debug|x86.ActiveCfg = Debug|Any CPU
		{8C25E6DE-70AE-4154-86E0-7AE40E8EAEB8}.Debug|x86.Build.0 = Debug|Any CPU
		{8C25E6DE-70AE-4154-86E0-7AE40E8EAEB8}.Release|Any CPU.ActiveCfg = Release|Any CPU
		{8C25E6DE-70AE-4154-86E0-7AE40E8EAEB8}.Release|Any CPU.Build.0 = Release|Any CPU
		{8C25E6DE-70AE-4154-86E0-7AE40E8EAEB8}.Release|x64.ActiveCfg = Release|Any CPU
		{8C25E6DE-70AE-4154-86E0-7AE40E8EAEB8}.Release|x64.Build.0 = Release|Any CPU
		{8C25E6DE-70AE-4154-86E0-7AE40E8EAEB8}.Release|x86.ActiveCfg = Release|Any CPU
		{8C25E6DE-70AE-4154-86E0-7AE40E8EAEB8}.Release|x86.Build.0 = Release|Any CPU
		{38D6B108-4E30-4533-9DC9-B799B4C31B63}.Debug|Any CPU.ActiveCfg = Debug|Any CPU
		{38D6B108-4E30-4533-9DC9-B799B4C31B63}.Debug|Any CPU.Build.0 = Debug|Any CPU
		{38D6B108-4E30-4533-9DC9-B799B4C31B63}.Debug|x64.ActiveCfg = Debug|Any CPU
		{38D6B108-4E30-4533-9DC9-B799B4C31B63}.Debug|x64.Build.0 = Debug|Any CPU
		{38D6B108-4E30-4533-9DC9-B799B4C31B63}.Debug|x86.ActiveCfg = Debug|Any CPU
		{38D6B108-4E30-4533-9DC9-B799B4C31B63}.Debug|x86.Build.0 = Debug|Any CPU
		{38D6B108-4E30-4533-9DC9-B799B4C31B63}.Release|Any CPU.ActiveCfg = Release|Any CPU
		{38D6B108-4E30-4533-9DC9-B799B4C31B63}.Release|Any CPU.Build.0 = Release|Any CPU
		{38D6B108-4E30-4533-9DC9-B799B4C31B63}.Release|x64.ActiveCfg = Release|Any CPU
		{38D6B108-4E30-4533-9DC9-B799B4C31B63}.Release|x64.Build.0 = Release|Any CPU
		{38D6B108-4E30-4533-9DC9-B799B4C31B63}.Release|x86.ActiveCfg = Release|Any CPU
		{38D6B108-4E30-4533-9DC9-B799B4C31B63}.Release|x86.Build.0 = Release|Any CPU
		{44B17725-E947-4F4D-84B7-2D69FB561575}.Debug|Any CPU.ActiveCfg = Debug|Any CPU
		{44B17725-E947-4F4D-84B7-2D69FB561575}.Debug|Any CPU.Build.0 = Debug|Any CPU
		{44B17725-E947-4F4D-84B7-2D69FB561575}.Debug|x64.ActiveCfg = Debug|Any CPU
		{44B17725-E947-4F4D-84B7-2D69FB561575}.Debug|x64.Build.0 = Debug|Any CPU
		{44B17725-E947-4F4D-84B7-2D69FB561575}.Debug|x86.ActiveCfg = Debug|Any CPU
		{44B17725-E947-4F4D-84B7-2D69FB561575}.Debug|x86.Build.0 = Debug|Any CPU
		{44B17725-E947-4F4D-84B7-2D69FB561575}.Release|Any CPU.ActiveCfg = Release|Any CPU
		{44B17725-E947-4F4D-84B7-2D69FB561575}.Release|Any CPU.Build.0 = Release|Any CPU
		{44B17725-E947-4F4D-84B7-2D69FB561575}.Release|x64.ActiveCfg = Release|Any CPU
		{44B17725-E947-4F4D-84B7-2D69FB561575}.Release|x64.Build.0 = Release|Any CPU
		{44B17725-E947-4F4D-84B7-2D69FB561575}.Release|x86.ActiveCfg = Release|Any CPU
		{44B17725-E947-4F4D-84B7-2D69FB561575}.Release|x86.Build.0 = Release|Any CPU
		{1FB227B2-8856-4C4F-942D-65D640FB28C3}.Debug|Any CPU.ActiveCfg = Debug|Any CPU
		{1FB227B2-8856-4C4F-942D-65D640FB28C3}.Debug|Any CPU.Build.0 = Debug|Any CPU
		{1FB227B2-8856-4C4F-942D-65D640FB28C3}.Debug|x64.ActiveCfg = Debug|Any CPU
		{1FB227B2-8856-4C4F-942D-65D640FB28C3}.Debug|x64.Build.0 = Debug|Any CPU
		{1FB227B2-8856-4C4F-942D-65D640FB28C3}.Debug|x86.ActiveCfg = Debug|Any CPU
		{1FB227B2-8856-4C4F-942D-65D640FB28C3}.Debug|x86.Build.0 = Debug|Any CPU
		{1FB227B2-8856-4C4F-942D-65D640FB28C3}.Release|Any CPU.ActiveCfg = Release|Any CPU
		{1FB227B2-8856-4C4F-942D-65D640FB28C3}.Release|Any CPU.Build.0 = Release|Any CPU
		{1FB227B2-8856-4C4F-942D-65D640FB28C3}.Release|x64.ActiveCfg = Release|Any CPU
		{1FB227B2-8856-4C4F-942D-65D640FB28C3}.Release|x64.Build.0 = Release|Any CPU
		{1FB227B2-8856-4C4F-942D-65D640FB28C3}.Release|x86.ActiveCfg = Release|Any CPU
		{1FB227B2-8856-4C4F-942D-65D640FB28C3}.Release|x86.Build.0 = Release|Any CPU
		{ECFF85AE-0FE0-44AA-BA2D-AA1D43F3C013}.Debug|Any CPU.ActiveCfg = Debug|Any CPU
		{ECFF85AE-0FE0-44AA-BA2D-AA1D43F3C013}.Debug|Any CPU.Build.0 = Debug|Any CPU
		{ECFF85AE-0FE0-44AA-BA2D-AA1D43F3C013}.Debug|x64.ActiveCfg = Debug|Any CPU
		{ECFF85AE-0FE0-44AA-BA2D-AA1D43F3C013}.Debug|x64.Build.0 = Debug|Any CPU
		{ECFF85AE-0FE0-44AA-BA2D-AA1D43F3C013}.Debug|x86.ActiveCfg = Debug|Any CPU
		{ECFF85AE-0FE0-44AA-BA2D-AA1D43F3C013}.Debug|x86.Build.0 = Debug|Any CPU
		{ECFF85AE-0FE0-44AA-BA2D-AA1D43F3C013}.Release|Any CPU.ActiveCfg = Release|Any CPU
		{ECFF85AE-0FE0-44AA-BA2D-AA1D43F3C013}.Release|Any CPU.Build.0 = Release|Any CPU
		{ECFF85AE-0FE0-44AA-BA2D-AA1D43F3C013}.Release|x64.ActiveCfg = Release|Any CPU
		{ECFF85AE-0FE0-44AA-BA2D-AA1D43F3C013}.Release|x64.Build.0 = Release|Any CPU
		{ECFF85AE-0FE0-44AA-BA2D-AA1D43F3C013}.Release|x86.ActiveCfg = Release|Any CPU
		{ECFF85AE-0FE0-44AA-BA2D-AA1D43F3C013}.Release|x86.Build.0 = Release|Any CPU
		{926AEB26-498E-4F26-8869-146D80E7D3E6}.Debug|Any CPU.ActiveCfg = Debug|Any CPU
		{926AEB26-498E-4F26-8869-146D80E7D3E6}.Debug|Any CPU.Build.0 = Debug|Any CPU
		{926AEB26-498E-4F26-8869-146D80E7D3E6}.Debug|x64.ActiveCfg = Debug|Any CPU
		{926AEB26-498E-4F26-8869-146D80E7D3E6}.Debug|x64.Build.0 = Debug|Any CPU
		{926AEB26-498E-4F26-8869-146D80E7D3E6}.Debug|x86.ActiveCfg = Debug|Any CPU
		{926AEB26-498E-4F26-8869-146D80E7D3E6}.Debug|x86.Build.0 = Debug|Any CPU
		{926AEB26-498E-4F26-8869-146D80E7D3E6}.Release|Any CPU.ActiveCfg = Release|Any CPU
		{926AEB26-498E-4F26-8869-146D80E7D3E6}.Release|Any CPU.Build.0 = Release|Any CPU
		{926AEB26-498E-4F26-8869-146D80E7D3E6}.Release|x64.ActiveCfg = Release|Any CPU
		{926AEB26-498E-4F26-8869-146D80E7D3E6}.Release|x64.Build.0 = Release|Any CPU
		{926AEB26-498E-4F26-8869-146D80E7D3E6}.Release|x86.ActiveCfg = Release|Any CPU
		{926AEB26-498E-4F26-8869-146D80E7D3E6}.Release|x86.Build.0 = Release|Any CPU
		{CA3D19CC-6B76-4F2B-9C6A-9624FF0FDB15}.Debug|Any CPU.ActiveCfg = Debug|Any CPU
		{CA3D19CC-6B76-4F2B-9C6A-9624FF0FDB15}.Debug|Any CPU.Build.0 = Debug|Any CPU
		{CA3D19CC-6B76-4F2B-9C6A-9624FF0FDB15}.Debug|x64.ActiveCfg = Debug|Any CPU
		{CA3D19CC-6B76-4F2B-9C6A-9624FF0FDB15}.Debug|x64.Build.0 = Debug|Any CPU
		{CA3D19CC-6B76-4F2B-9C6A-9624FF0FDB15}.Debug|x86.ActiveCfg = Debug|Any CPU
		{CA3D19CC-6B76-4F2B-9C6A-9624FF0FDB15}.Debug|x86.Build.0 = Debug|Any CPU
		{CA3D19CC-6B76-4F2B-9C6A-9624FF0FDB15}.Release|Any CPU.ActiveCfg = Release|Any CPU
		{CA3D19CC-6B76-4F2B-9C6A-9624FF0FDB15}.Release|Any CPU.Build.0 = Release|Any CPU
		{CA3D19CC-6B76-4F2B-9C6A-9624FF0FDB15}.Release|x64.ActiveCfg = Release|Any CPU
		{CA3D19CC-6B76-4F2B-9C6A-9624FF0FDB15}.Release|x64.Build.0 = Release|Any CPU
		{CA3D19CC-6B76-4F2B-9C6A-9624FF0FDB15}.Release|x86.ActiveCfg = Release|Any CPU
		{CA3D19CC-6B76-4F2B-9C6A-9624FF0FDB15}.Release|x86.Build.0 = Release|Any CPU
		{0C337905-E85A-4943-9C11-233401B236CC}.Debug|Any CPU.ActiveCfg = Debug|Any CPU
		{0C337905-E85A-4943-9C11-233401B236CC}.Debug|Any CPU.Build.0 = Debug|Any CPU
		{0C337905-E85A-4943-9C11-233401B236CC}.Debug|x64.ActiveCfg = Debug|Any CPU
		{0C337905-E85A-4943-9C11-233401B236CC}.Debug|x64.Build.0 = Debug|Any CPU
		{0C337905-E85A-4943-9C11-233401B236CC}.Debug|x86.ActiveCfg = Debug|Any CPU
		{0C337905-E85A-4943-9C11-233401B236CC}.Debug|x86.Build.0 = Debug|Any CPU
		{0C337905-E85A-4943-9C11-233401B236CC}.Release|Any CPU.ActiveCfg = Release|Any CPU
		{0C337905-E85A-4943-9C11-233401B236CC}.Release|Any CPU.Build.0 = Release|Any CPU
		{0C337905-E85A-4943-9C11-233401B236CC}.Release|x64.ActiveCfg = Release|Any CPU
		{0C337905-E85A-4943-9C11-233401B236CC}.Release|x64.Build.0 = Release|Any CPU
		{0C337905-E85A-4943-9C11-233401B236CC}.Release|x86.ActiveCfg = Release|Any CPU
		{0C337905-E85A-4943-9C11-233401B236CC}.Release|x86.Build.0 = Release|Any CPU
		{6B0356E9-470D-4429-85B1-62ED56CD8FDC}.Debug|Any CPU.ActiveCfg = Debug|Any CPU
		{6B0356E9-470D-4429-85B1-62ED56CD8FDC}.Debug|Any CPU.Build.0 = Debug|Any CPU
		{6B0356E9-470D-4429-85B1-62ED56CD8FDC}.Debug|x64.ActiveCfg = Debug|Any CPU
		{6B0356E9-470D-4429-85B1-62ED56CD8FDC}.Debug|x64.Build.0 = Debug|Any CPU
		{6B0356E9-470D-4429-85B1-62ED56CD8FDC}.Debug|x86.ActiveCfg = Debug|Any CPU
		{6B0356E9-470D-4429-85B1-62ED56CD8FDC}.Debug|x86.Build.0 = Debug|Any CPU
		{6B0356E9-470D-4429-85B1-62ED56CD8FDC}.Release|Any CPU.ActiveCfg = Release|Any CPU
		{6B0356E9-470D-4429-85B1-62ED56CD8FDC}.Release|Any CPU.Build.0 = Release|Any CPU
		{6B0356E9-470D-4429-85B1-62ED56CD8FDC}.Release|x64.ActiveCfg = Release|Any CPU
		{6B0356E9-470D-4429-85B1-62ED56CD8FDC}.Release|x64.Build.0 = Release|Any CPU
		{6B0356E9-470D-4429-85B1-62ED56CD8FDC}.Release|x86.ActiveCfg = Release|Any CPU
		{6B0356E9-470D-4429-85B1-62ED56CD8FDC}.Release|x86.Build.0 = Release|Any CPU
	EndGlobalSection
	GlobalSection(SolutionProperties) = preSolution
		HideSolutionNode = FALSE
	EndGlobalSection
	GlobalSection(NestedProjects) = preSolution
		{A80725D7-8329-4A64-8D98-CDA4D1102D7F} = {C5FE37A6-E984-45F2-B4DE-4FFAF61A8F94}
		{8C25E6DE-70AE-4154-86E0-7AE40E8EAEB8} = {C5FE37A6-E984-45F2-B4DE-4FFAF61A8F94}
		{38D6B108-4E30-4533-9DC9-B799B4C31B63} = {C5FE37A6-E984-45F2-B4DE-4FFAF61A8F94}
		{44B17725-E947-4F4D-84B7-2D69FB561575} = {C5FE37A6-E984-45F2-B4DE-4FFAF61A8F94}
		{1FB227B2-8856-4C4F-942D-65D640FB28C3} = {C5FE37A6-E984-45F2-B4DE-4FFAF61A8F94}
		{ECFF85AE-0FE0-44AA-BA2D-AA1D43F3C013} = {C5FE37A6-E984-45F2-B4DE-4FFAF61A8F94}
		{926AEB26-498E-4F26-8869-146D80E7D3E6} = {C5FE37A6-E984-45F2-B4DE-4FFAF61A8F94}
		{CA3D19CC-6B76-4F2B-9C6A-9624FF0FDB15} = {C5FE37A6-E984-45F2-B4DE-4FFAF61A8F94}
		{0C337905-E85A-4943-9C11-233401B236CC} = {C5FE37A6-E984-45F2-B4DE-4FFAF61A8F94}
		{6B0356E9-470D-4429-85B1-62ED56CD8FDC} = {C5FE37A6-E984-45F2-B4DE-4FFAF61A8F94}
	EndGlobalSection
	GlobalSection(ExtensibilityGlobals) = postSolution
		SolutionGuid = {48033BBA-DD7D-4B11-87A7-6D406CE804FB}
	EndGlobalSection
EndGlobal
